
Microsoft Visual Studio Solution File, Format Version 12.00
# Visual Studio Version 17
VisualStudioVersion = 17.5.002.0
MinimumVisualStudioVersion = 10.0.40219.1
Project("{9A19103F-16F7-4668-BE54-9A1E7A4F7556}") = "backend", "backend\backend.csproj", "{3514670B-4A68-4B99-93DB-682B625D964A}"
EndProject
Global
	GlobalSection(SolutionConfigurationPlatforms) = preSolution
		Debug|Any CPU = Debug|Any CPU
		Release|Any CPU = Release|Any CPU
	EndGlobalSection
	GlobalSection(ProjectConfigurationPlatforms) = postSolution
		{3514670B-4A68-4B99-93DB-682B625D964A}.Debug|Any CPU.ActiveCfg = Debug|Any CPU
		{3514670B-4A68-4B99-93DB-682B625D964A}.Debug|Any CPU.Build.0 = Debug|Any CPU
		{3514670B-4A68-4B99-93DB-682B625D964A}.Release|Any CPU.ActiveCfg = Release|Any CPU
		{3514670B-4A68-4B99-93DB-682B625D964A}.Release|Any CPU.Build.0 = Release|Any CPU
	EndGlobalSection
	GlobalSection(SolutionProperties) = preSolution
		HideSolutionNode = FALSE
	EndGlobalSection
	GlobalSection(ExtensibilityGlobals) = postSolution
		SolutionGuid = {FBC003E1-E7BF-483B-A5B3-2A2A460430D8}
	EndGlobalSection
EndGlobal
